
Microsoft Visual Studio Solution File, Format Version 12.00
# Visual Studio 15
VisualStudioVersion = 15.0.27004.2009
MinimumVisualStudioVersion = 10.0.40219.1
Project("{FAE04EC0-301F-11D3-BF4B-00C04F79EFBC}") = "Sample0003.Android", "Sample0003\Sample0003.Android\Sample0003.Android.csproj", "{10FE034D-D6BA-41E0-BB20-3A8BCD2ED22A}"
EndProject
Project("{FAE04EC0-301F-11D3-BF4B-00C04F79EFBC}") = "Sample0003", "Sample0003\Sample0003\Sample0003.csproj", "{C4BCF39E-A172-40C3-9804-E59008BEB014}"
EndProject
Project("{FAE04EC0-301F-11D3-BF4B-00C04F79EFBC}") = "Sample0003.iOS", "Sample0003\Sample0003.iOS\Sample0003.iOS.csproj", "{39745488-25E7-4DA9-9EE3-BFD6823C512B}"
EndProject
Global
	GlobalSection(SolutionConfigurationPlatforms) = preSolution
		Ad-Hoc|Any CPU = Ad-Hoc|Any CPU
		Ad-Hoc|iPhone = Ad-Hoc|iPhone
		Ad-Hoc|iPhoneSimulator = Ad-Hoc|iPhoneSimulator
		AppStore|Any CPU = AppStore|Any CPU
		AppStore|iPhone = AppStore|iPhone
		AppStore|iPhoneSimulator = AppStore|iPhoneSimulator
		Debug|Any CPU = Debug|Any CPU
		Debug|iPhone = Debug|iPhone
		Debug|iPhoneSimulator = Debug|iPhoneSimulator
		Release|Any CPU = Release|Any CPU
		Release|iPhone = Release|iPhone
		Release|iPhoneSimulator = Release|iPhoneSimulator
	EndGlobalSection
	GlobalSection(ProjectConfigurationPlatforms) = postSolution
		{10FE034D-D6BA-41E0-BB20-3A8BCD2ED22A}.Ad-Hoc|Any CPU.ActiveCfg = Release|Any CPU
		{10FE034D-D6BA-41E0-BB20-3A8BCD2ED22A}.Ad-Hoc|Any CPU.Build.0 = Release|Any CPU
		{10FE034D-D6BA-41E0-BB20-3A8BCD2ED22A}.Ad-Hoc|Any CPU.Deploy.0 = Release|Any CPU
		{10FE034D-D6BA-41E0-BB20-3A8BCD2ED22A}.Ad-Hoc|iPhone.ActiveCfg = Release|Any CPU
		{10FE034D-D6BA-41E0-BB20-3A8BCD2ED22A}.Ad-Hoc|iPhone.Build.0 = Release|Any CPU
		{10FE034D-D6BA-41E0-BB20-3A8BCD2ED22A}.Ad-Hoc|iPhone.Deploy.0 = Release|Any CPU
		{10FE034D-D6BA-41E0-BB20-3A8BCD2ED22A}.Ad-Hoc|iPhoneSimulator.ActiveCfg = Release|Any CPU
		{10FE034D-D6BA-41E0-BB20-3A8BCD2ED22A}.Ad-Hoc|iPhoneSimulator.Build.0 = Release|Any CPU
		{10FE034D-D6BA-41E0-BB20-3A8BCD2ED22A}.Ad-Hoc|iPhoneSimulator.Deploy.0 = Release|Any CPU
		{10FE034D-D6BA-41E0-BB20-3A8BCD2ED22A}.AppStore|Any CPU.ActiveCfg = Release|Any CPU
		{10FE034D-D6BA-41E0-BB20-3A8BCD2ED22A}.AppStore|Any CPU.Build.0 = Release|Any CPU
		{10FE034D-D6BA-41E0-BB20-3A8BCD2ED22A}.AppStore|Any CPU.Deploy.0 = Release|Any CPU
		{10FE034D-D6BA-41E0-BB20-3A8BCD2ED22A}.AppStore|iPhone.ActiveCfg = Release|Any CPU
		{10FE034D-D6BA-41E0-BB20-3A8BCD2ED22A}.AppStore|iPhone.Build.0 = Release|Any CPU
		{10FE034D-D6BA-41E0-BB20-3A8BCD2ED22A}.AppStore|iPhone.Deploy.0 = Release|Any CPU
		{10FE034D-D6BA-41E0-BB20-3A8BCD2ED22A}.AppStore|iPhoneSimulator.ActiveCfg = Release|Any CPU
		{10FE034D-D6BA-41E0-BB20-3A8BCD2ED22A}.AppStore|iPhoneSimulator.Build.0 = Release|Any CPU
		{10FE034D-D6BA-41E0-BB20-3A8BCD2ED22A}.AppStore|iPhoneSimulator.Deploy.0 = Release|Any CPU
		{10FE034D-D6BA-41E0-BB20-3A8BCD2ED22A}.Debug|Any CPU.ActiveCfg = Debug|Any CPU
		{10FE034D-D6BA-41E0-BB20-3A8BCD2ED22A}.Debug|Any CPU.Build.0 = Debug|Any CPU
		{10FE034D-D6BA-41E0-BB20-3A8BCD2ED22A}.Debug|Any CPU.Deploy.0 = Debug|Any CPU
		{10FE034D-D6BA-41E0-BB20-3A8BCD2ED22A}.Debug|iPhone.ActiveCfg = Debug|Any CPU
		{10FE034D-D6BA-41E0-BB20-3A8BCD2ED22A}.Debug|iPhone.Build.0 = Debug|Any CPU
		{10FE034D-D6BA-41E0-BB20-3A8BCD2ED22A}.Debug|iPhone.Deploy.0 = Debug|Any CPU
		{10FE034D-D6BA-41E0-BB20-3A8BCD2ED22A}.Debug|iPhoneSimulator.ActiveCfg = Debug|Any CPU
		{10FE034D-D6BA-41E0-BB20-3A8BCD2ED22A}.Debug|iPhoneSimulator.Build.0 = Debug|Any CPU
		{10FE034D-D6BA-41E0-BB20-3A8BCD2ED22A}.Debug|iPhoneSimulator.Deploy.0 = Debug|Any CPU
		{10FE034D-D6BA-41E0-BB20-3A8BCD2ED22A}.Release|Any CPU.ActiveCfg = Release|Any CPU
		{10FE034D-D6BA-41E0-BB20-3A8BCD2ED22A}.Release|Any CPU.Build.0 = Release|Any CPU
		{10FE034D-D6BA-41E0-BB20-3A8BCD2ED22A}.Release|Any CPU.Deploy.0 = Release|Any CPU
		{10FE034D-D6BA-41E0-BB20-3A8BCD2ED22A}.Release|iPhone.ActiveCfg = Release|Any CPU
		{10FE034D-D6BA-41E0-BB20-3A8BCD2ED22A}.Release|iPhone.Build.0 = Release|Any CPU
		{10FE034D-D6BA-41E0-BB20-3A8BCD2ED22A}.Release|iPhone.Deploy.0 = Release|Any CPU
		{10FE034D-D6BA-41E0-BB20-3A8BCD2ED22A}.Release|iPhoneSimulator.ActiveCfg = Release|Any CPU
		{10FE034D-D6BA-41E0-BB20-3A8BCD2ED22A}.Release|iPhoneSimulator.Build.0 = Release|Any CPU
		{10FE034D-D6BA-41E0-BB20-3A8BCD2ED22A}.Release|iPhoneSimulator.Deploy.0 = Release|Any CPU
		{C4BCF39E-A172-40C3-9804-E59008BEB014}.Ad-Hoc|Any CPU.ActiveCfg = Release|Any CPU
		{C4BCF39E-A172-40C3-9804-E59008BEB014}.Ad-Hoc|Any CPU.Build.0 = Release|Any CPU
		{C4BCF39E-A172-40C3-9804-E59008BEB014}.Ad-Hoc|iPhone.ActiveCfg = Release|Any CPU
		{C4BCF39E-A172-40C3-9804-E59008BEB014}.Ad-Hoc|iPhone.Build.0 = Release|Any CPU
		{C4BCF39E-A172-40C3-9804-E59008BEB014}.Ad-Hoc|iPhoneSimulator.ActiveCfg = Release|Any CPU
		{C4BCF39E-A172-40C3-9804-E59008BEB014}.Ad-Hoc|iPhoneSimulator.Build.0 = Release|Any CPU
		{C4BCF39E-A172-40C3-9804-E59008BEB014}.AppStore|Any CPU.ActiveCfg = Release|Any CPU
		{C4BCF39E-A172-40C3-9804-E59008BEB014}.AppStore|Any CPU.Build.0 = Release|Any CPU
		{C4BCF39E-A172-40C3-9804-E59008BEB014}.AppStore|iPhone.ActiveCfg = Release|Any CPU
		{C4BCF39E-A172-40C3-9804-E59008BEB014}.AppStore|iPhone.Build.0 = Release|Any CPU
		{C4BCF39E-A172-40C3-9804-E59008BEB014}.AppStore|iPhoneSimulator.ActiveCfg = Release|Any CPU
		{C4BCF39E-A172-40C3-9804-E59008BEB014}.AppStore|iPhoneSimulator.Build.0 = Release|Any CPU
		{C4BCF39E-A172-40C3-9804-E59008BEB014}.Debug|Any CPU.ActiveCfg = Debug|Any CPU
		{C4BCF39E-A172-40C3-9804-E59008BEB014}.Debug|Any CPU.Build.0 = Debug|Any CPU
		{C4BCF39E-A172-40C3-9804-E59008BEB014}.Debug|iPhone.ActiveCfg = Debug|Any CPU
		{C4BCF39E-A172-40C3-9804-E59008BEB014}.Debug|iPhone.Build.0 = Debug|Any CPU
		{C4BCF39E-A172-40C3-9804-E59008BEB014}.Debug|iPhoneSimulator.ActiveCfg = Debug|Any CPU
		{C4BCF39E-A172-40C3-9804-E59008BEB014}.Debug|iPhoneSimulator.Build.0 = Debug|Any CPU
		{C4BCF39E-A172-40C3-9804-E59008BEB014}.Release|Any CPU.ActiveCfg = Release|Any CPU
		{C4BCF39E-A172-40C3-9804-E59008BEB014}.Release|Any CPU.Build.0 = Release|Any CPU
		{C4BCF39E-A172-40C3-9804-E59008BEB014}.Release|iPhone.ActiveCfg = Release|Any CPU
		{C4BCF39E-A172-40C3-9804-E59008BEB014}.Release|iPhone.Build.0 = Release|Any CPU
		{C4BCF39E-A172-40C3-9804-E59008BEB014}.Release|iPhoneSimulator.ActiveCfg = Release|Any CPU
		{C4BCF39E-A172-40C3-9804-E59008BEB014}.Release|iPhoneSimulator.Build.0 = Release|Any CPU
		{39745488-25E7-4DA9-9EE3-BFD6823C512B}.Ad-Hoc|Any CPU.ActiveCfg = Ad-Hoc|iPhoneSimulator
		{39745488-25E7-4DA9-9EE3-BFD6823C512B}.Ad-Hoc|iPhone.ActiveCfg = Ad-Hoc|iPhone
		{39745488-25E7-4DA9-9EE3-BFD6823C512B}.Ad-Hoc|iPhone.Build.0 = Ad-Hoc|iPhone
		{39745488-25E7-4DA9-9EE3-BFD6823C512B}.Ad-Hoc|iPhoneSimulator.ActiveCfg = Ad-Hoc|iPhoneSimulator
		{39745488-25E7-4DA9-9EE3-BFD6823C512B}.Ad-Hoc|iPhoneSimulator.Build.0 = Ad-Hoc|iPhoneSimulator
		{39745488-25E7-4DA9-9EE3-BFD6823C512B}.AppStore|Any CPU.ActiveCfg = AppStore|iPhoneSimulator
		{39745488-25E7-4DA9-9EE3-BFD6823C512B}.AppStore|iPhone.ActiveCfg = AppStore|iPhone
		{39745488-25E7-4DA9-9EE3-BFD6823C512B}.AppStore|iPhone.Build.0 = AppStore|iPhone
		{39745488-25E7-4DA9-9EE3-BFD6823C512B}.AppStore|iPhoneSimulator.ActiveCfg = AppStore|iPhoneSimulator
		{39745488-25E7-4DA9-9EE3-BFD6823C512B}.AppStore|iPhoneSimulator.Build.0 = AppStore|iPhoneSimulator
		{39745488-25E7-4DA9-9EE3-BFD6823C512B}.Debug|Any CPU.ActiveCfg = Debug|iPhoneSimulator
		{39745488-25E7-4DA9-9EE3-BFD6823C512B}.Debug|iPhone.ActiveCfg = Debug|iPhone
		{39745488-25E7-4DA9-9EE3-BFD6823C512B}.Debug|iPhone.Build.0 = Debug|iPhone
		{39745488-25E7-4DA9-9EE3-BFD6823C512B}.Debug|iPhoneSimulator.ActiveCfg = Debug|iPhoneSimulator
		{39745488-25E7-4DA9-9EE3-BFD6823C512B}.Debug|iPhoneSimulator.Build.0 = Debug|iPhoneSimulator
		{39745488-25E7-4DA9-9EE3-BFD6823C512B}.Release|Any CPU.ActiveCfg = Release|iPhoneSimulator
		{39745488-25E7-4DA9-9EE3-BFD6823C512B}.Release|iPhone.ActiveCfg = Release|iPhone
		{39745488-25E7-4DA9-9EE3-BFD6823C512B}.Release|iPhone.Build.0 = Release|iPhone
		{39745488-25E7-4DA9-9EE3-BFD6823C512B}.Release|iPhoneSimulator.ActiveCfg = Release|iPhoneSimulator
		{39745488-25E7-4DA9-9EE3-BFD6823C512B}.Release|iPhoneSimulator.Build.0 = Release|iPhoneSimulator
	EndGlobalSection
	GlobalSection(SolutionProperties) = preSolution
		HideSolutionNode = FALSE
	EndGlobalSection
	GlobalSection(ExtensibilityGlobals) = postSolution
		SolutionGuid = {263764E4-99B7-4436-8245-36231477AB98}
	EndGlobalSection
EndGlobal
